// !$*UTF8*$!
{
	archiveVersion = 1;
	classes = {
	};
	objectVersion = 46;
	objects = {

/* Begin PBXBuildFile section */
		037046E01E5A0E0A002AF879 /* NotificationManager.swift in Sources */ = {isa = PBXBuildFile; fileRef = 037046DF1E5A0E0A002AF879 /* NotificationManager.swift */; };
		037046E41E5A1255002AF879 /* TwilioVoiceClient.framework in Frameworks */ = {isa = PBXBuildFile; fileRef = 037046E31E5A1255002AF879 /* TwilioVoiceClient.framework */; };
		037046E81E5A1C16002AF879 /* TwilioAccessToken.swift in Sources */ = {isa = PBXBuildFile; fileRef = 037046E71E5A1C16002AF879 /* TwilioAccessToken.swift */; };
		037046EA1E5A22C0002AF879 /* CallManager.swift in Sources */ = {isa = PBXBuildFile; fileRef = 037046E91E5A22C0002AF879 /* CallManager.swift */; };
		037046EC1E5A2339002AF879 /* Call.swift in Sources */ = {isa = PBXBuildFile; fileRef = 037046EB1E5A2339002AF879 /* Call.swift */; };
		037046EE1E5A2377002AF879 /* Contact.swift in Sources */ = {isa = PBXBuildFile; fileRef = 037046ED1E5A2377002AF879 /* Contact.swift */; };
		037046F61E5A6E26002AF879 /* CallManagerTests.swift in Sources */ = {isa = PBXBuildFile; fileRef = 037046F51E5A6E26002AF879 /* CallManagerTests.swift */; };
		037046F81E5A6E26002AF879 /* TMQTelephony.framework in Frameworks */ = {isa = PBXBuildFile; fileRef = 03F728F41E5284D5009131AC /* TMQTelephony.framework */; };
		037046FF1E5A75F2002AF879 /* TwilioNotificationDelegateAdapter.swift in Sources */ = {isa = PBXBuildFile; fileRef = 037046FE1E5A75F2002AF879 /* TwilioNotificationDelegateAdapter.swift */; };
		03F728F91E5284D5009131AC /* TMQTelephony.h in Headers */ = {isa = PBXBuildFile; fileRef = 03F728F71E5284D5009131AC /* TMQTelephony.h */; settings = {ATTRIBUTES = (Public, ); }; };
/* End PBXBuildFile section */

/* Begin PBXContainerItemProxy section */
		037046F91E5A6E26002AF879 /* PBXContainerItemProxy */ = {
			isa = PBXContainerItemProxy;
			containerPortal = 03F728EB1E5284D5009131AC /* Project object */;
			proxyType = 1;
			remoteGlobalIDString = 03F728F31E5284D5009131AC;
			remoteInfo = TMQTelephony;
		};
/* End PBXContainerItemProxy section */

/* Begin PBXFileReference section */
		037046DF1E5A0E0A002AF879 /* NotificationManager.swift */ = {isa = PBXFileReference; fileEncoding = 4; lastKnownFileType = sourcecode.swift; path = NotificationManager.swift; sourceTree = "<group>"; };
		037046E31E5A1255002AF879 /* TwilioVoiceClient.framework */ = {isa = PBXFileReference; lastKnownFileType = wrapper.framework; name = TwilioVoiceClient.framework; path = ../Frameworks/TwilioVoiceClient.framework; sourceTree = "<group>"; };
		037046E71E5A1C16002AF879 /* TwilioAccessToken.swift */ = {isa = PBXFileReference; fileEncoding = 4; lastKnownFileType = sourcecode.swift; path = TwilioAccessToken.swift; sourceTree = "<group>"; };
		037046E91E5A22C0002AF879 /* CallManager.swift */ = {isa = PBXFileReference; fileEncoding = 4; lastKnownFileType = sourcecode.swift; path = CallManager.swift; sourceTree = "<group>"; };
		037046EB1E5A2339002AF879 /* Call.swift */ = {isa = PBXFileReference; fileEncoding = 4; lastKnownFileType = sourcecode.swift; path = Call.swift; sourceTree = "<group>"; };
		037046ED1E5A2377002AF879 /* Contact.swift */ = {isa = PBXFileReference; fileEncoding = 4; lastKnownFileType = sourcecode.swift; path = Contact.swift; sourceTree = "<group>"; };
		037046F31E5A6E26002AF879 /* TMQTelephonyTests.xctest */ = {isa = PBXFileReference; explicitFileType = wrapper.cfbundle; includeInIndex = 0; path = TMQTelephonyTests.xctest; sourceTree = BUILT_PRODUCTS_DIR; };
		037046F51E5A6E26002AF879 /* CallManagerTests.swift */ = {isa = PBXFileReference; lastKnownFileType = sourcecode.swift; path = CallManagerTests.swift; sourceTree = "<group>"; };
		037046F71E5A6E26002AF879 /* Info.plist */ = {isa = PBXFileReference; lastKnownFileType = text.plist.xml; path = Info.plist; sourceTree = "<group>"; };
		037046FE1E5A75F2002AF879 /* TwilioNotificationDelegateAdapter.swift */ = {isa = PBXFileReference; fileEncoding = 4; lastKnownFileType = sourcecode.swift; path = TwilioNotificationDelegateAdapter.swift; sourceTree = "<group>"; };
		03F728F41E5284D5009131AC /* TMQTelephony.framework */ = {isa = PBXFileReference; explicitFileType = wrapper.framework; includeInIndex = 0; path = TMQTelephony.framework; sourceTree = BUILT_PRODUCTS_DIR; };
		03F728F71E5284D5009131AC /* TMQTelephony.h */ = {isa = PBXFileReference; lastKnownFileType = sourcecode.c.h; path = TMQTelephony.h; sourceTree = "<group>"; };
		03F728F81E5284D5009131AC /* Info.plist */ = {isa = PBXFileReference; lastKnownFileType = text.plist.xml; path = Info.plist; sourceTree = "<group>"; };
/* End PBXFileReference section */

/* Begin PBXFrameworksBuildPhase section */
		037046F01E5A6E26002AF879 /* Frameworks */ = {
			isa = PBXFrameworksBuildPhase;
			buildActionMask = 2147483647;
			files = (
				037046F81E5A6E26002AF879 /* TMQTelephony.framework in Frameworks */,
			);
			runOnlyForDeploymentPostprocessing = 0;
		};
		03F728F01E5284D5009131AC /* Frameworks */ = {
			isa = PBXFrameworksBuildPhase;
			buildActionMask = 2147483647;
			files = (
				037046E41E5A1255002AF879 /* TwilioVoiceClient.framework in Frameworks */,
			);
			runOnlyForDeploymentPostprocessing = 0;
		};
/* End PBXFrameworksBuildPhase section */

/* Begin PBXGroup section */
		037046E21E5A1244002AF879 /* Frameworks */ = {
			isa = PBXGroup;
			children = (
				037046E31E5A1255002AF879 /* TwilioVoiceClient.framework */,
			);
			name = Frameworks;
			sourceTree = "<group>";
		};
		037046E51E5A1BE8002AF879 /* Controller */ = {
			isa = PBXGroup;
			children = (
				037046DF1E5A0E0A002AF879 /* NotificationManager.swift */,
				037046E91E5A22C0002AF879 /* CallManager.swift */,
				037046FE1E5A75F2002AF879 /* TwilioNotificationDelegateAdapter.swift */,
			);
			name = Controller;
			sourceTree = "<group>";
		};
		037046E61E5A1BF5002AF879 /* Model  */ = {
			isa = PBXGroup;
			children = (
				037046EB1E5A2339002AF879 /* Call.swift */,
				037046ED1E5A2377002AF879 /* Contact.swift */,
				037046E71E5A1C16002AF879 /* TwilioAccessToken.swift */,
			);
			name = "Model ";
			sourceTree = "<group>";
		};
		037046F41E5A6E26002AF879 /* TMQTelephonyTests */ = {
			isa = PBXGroup;
			children = (
				037046F51E5A6E26002AF879 /* CallManagerTests.swift */,
				037046F71E5A6E26002AF879 /* Info.plist */,
			);
			path = TMQTelephonyTests;
			sourceTree = "<group>";
		};
		03F728EA1E5284D5009131AC = {
			isa = PBXGroup;
			children = (
				03F728F61E5284D5009131AC /* TMQTelephony */,
				037046F41E5A6E26002AF879 /* TMQTelephonyTests */,
				037046E21E5A1244002AF879 /* Frameworks */,
				03F728F51E5284D5009131AC /* Products */,
			);
			sourceTree = "<group>";
		};
		03F728F51E5284D5009131AC /* Products */ = {
			isa = PBXGroup;
			children = (
				03F728F41E5284D5009131AC /* TMQTelephony.framework */,
				037046F31E5A6E26002AF879 /* TMQTelephonyTests.xctest */,
			);
			name = Products;
			sourceTree = "<group>";
		};
		03F728F61E5284D5009131AC /* TMQTelephony */ = {
			isa = PBXGroup;
			children = (
				037046E61E5A1BF5002AF879 /* Model  */,
				037046E51E5A1BE8002AF879 /* Controller */,
				03F728F71E5284D5009131AC /* TMQTelephony.h */,
				03F728F81E5284D5009131AC /* Info.plist */,
			);
			path = TMQTelephony;
			sourceTree = "<group>";
		};
/* End PBXGroup section */

/* Begin PBXHeadersBuildPhase section */
		03F728F11E5284D5009131AC /* Headers */ = {
			isa = PBXHeadersBuildPhase;
			buildActionMask = 2147483647;
			files = (
				03F728F91E5284D5009131AC /* TMQTelephony.h in Headers */,
			);
			runOnlyForDeploymentPostprocessing = 0;
		};
/* End PBXHeadersBuildPhase section */

/* Begin PBXNativeTarget section */
		037046F21E5A6E26002AF879 /* TMQTelephonyTests */ = {
			isa = PBXNativeTarget;
			buildConfigurationList = 037046FB1E5A6E26002AF879 /* Build configuration list for PBXNativeTarget "TMQTelephonyTests" */;
			buildPhases = (
				037046EF1E5A6E26002AF879 /* Sources */,
				037046F01E5A6E26002AF879 /* Frameworks */,
				037046F11E5A6E26002AF879 /* Resources */,
			);
			buildRules = (
			);
			dependencies = (
				037046FA1E5A6E26002AF879 /* PBXTargetDependency */,
			);
			name = TMQTelephonyTests;
			productName = TMQTelephonyTests;
			productReference = 037046F31E5A6E26002AF879 /* TMQTelephonyTests.xctest */;
			productType = "com.apple.product-type.bundle.unit-test";
		};
		03F728F31E5284D5009131AC /* TMQTelephony */ = {
			isa = PBXNativeTarget;
			buildConfigurationList = 03F728FC1E5284D5009131AC /* Build configuration list for PBXNativeTarget "TMQTelephony" */;
			buildPhases = (
				03F728EF1E5284D5009131AC /* Sources */,
				03F728F01E5284D5009131AC /* Frameworks */,
				03F728F11E5284D5009131AC /* Headers */,
				03F728F21E5284D5009131AC /* Resources */,
				037046E11E5A1130002AF879 /* ShellScript */,
			);
			buildRules = (
			);
			dependencies = (
			);
			name = TMQTelephony;
			productName = TMQTelephony;
			productReference = 03F728F41E5284D5009131AC /* TMQTelephony.framework */;
			productType = "com.apple.product-type.framework";
		};
/* End PBXNativeTarget section */

/* Begin PBXProject section */
		03F728EB1E5284D5009131AC /* Project object */ = {
			isa = PBXProject;
			attributes = {
				LastSwiftUpdateCheck = 0820;
				LastUpgradeCheck = 0820;
				ORGANIZATIONNAME = "Barefoot Systems";
				TargetAttributes = {
					037046F21E5A6E26002AF879 = {
						CreatedOnToolsVersion = 8.2.1;
						DevelopmentTeam = B5S56929D8;
						ProvisioningStyle = Automatic;
					};
					03F728F31E5284D5009131AC = {
						CreatedOnToolsVersion = 8.2.1;
						DevelopmentTeam = B5S56929D8;
						LastSwiftMigration = 0820;
						ProvisioningStyle = Automatic;
					};
				};
			};
			buildConfigurationList = 03F728EE1E5284D5009131AC /* Build configuration list for PBXProject "TMQTelephony" */;
			compatibilityVersion = "Xcode 3.2";
			developmentRegion = English;
			hasScannedForEncodings = 0;
			knownRegions = (
				en,
			);
			mainGroup = 03F728EA1E5284D5009131AC;
			productRefGroup = 03F728F51E5284D5009131AC /* Products */;
			projectDirPath = "";
			projectRoot = "";
			targets = (
				03F728F31E5284D5009131AC /* TMQTelephony */,
				037046F21E5A6E26002AF879 /* TMQTelephonyTests */,
			);
		};
/* End PBXProject section */

/* Begin PBXResourcesBuildPhase section */
		037046F11E5A6E26002AF879 /* Resources */ = {
			isa = PBXResourcesBuildPhase;
			buildActionMask = 2147483647;
			files = (
			);
			runOnlyForDeploymentPostprocessing = 0;
		};
		03F728F21E5284D5009131AC /* Resources */ = {
			isa = PBXResourcesBuildPhase;
			buildActionMask = 2147483647;
			files = (
			);
			runOnlyForDeploymentPostprocessing = 0;
		};
/* End PBXResourcesBuildPhase section */

/* Begin PBXShellScriptBuildPhase section */
		037046E11E5A1130002AF879 /* ShellScript */ = {
			isa = PBXShellScriptBuildPhase;
			buildActionMask = 2147483647;
			files = (
			);
			inputPaths = (
				"$(SRCROOT)/../Carthage/Build/iOS/CleanroomLogger.framework",
			);
			outputPaths = (
			);
			runOnlyForDeploymentPostprocessing = 0;
			shellPath = /bin/sh;
			shellScript = "/usr/local/bin/carthage copy-frameworks ";
		};
/* End PBXShellScriptBuildPhase section */

/* Begin PBXSourcesBuildPhase section */
		037046EF1E5A6E26002AF879 /* Sources */ = {
			isa = PBXSourcesBuildPhase;
			buildActionMask = 2147483647;
			files = (
				037046F61E5A6E26002AF879 /* CallManagerTests.swift in Sources */,
			);
			runOnlyForDeploymentPostprocessing = 0;
		};
		03F728EF1E5284D5009131AC /* Sources */ = {
			isa = PBXSourcesBuildPhase;
			buildActionMask = 2147483647;
			files = (
				037046EA1E5A22C0002AF879 /* CallManager.swift in Sources */,
				037046FF1E5A75F2002AF879 /* TwilioNotificationDelegateAdapter.swift in Sources */,
				037046E01E5A0E0A002AF879 /* NotificationManager.swift in Sources */,
				037046EE1E5A2377002AF879 /* Contact.swift in Sources */,
				037046EC1E5A2339002AF879 /* Call.swift in Sources */,
				037046E81E5A1C16002AF879 /* TwilioAccessToken.swift in Sources */,
			);
			runOnlyForDeploymentPostprocessing = 0;
		};
/* End PBXSourcesBuildPhase section */

/* Begin PBXTargetDependency section */
		037046FA1E5A6E26002AF879 /* PBXTargetDependency */ = {
			isa = PBXTargetDependency;
			target = 03F728F31E5284D5009131AC /* TMQTelephony */;
			targetProxy = 037046F91E5A6E26002AF879 /* PBXContainerItemProxy */;
		};
/* End PBXTargetDependency section */

/* Begin XCBuildConfiguration section */
		037046FC1E5A6E26002AF879 /* Debug */ = {
			isa = XCBuildConfiguration;
			buildSettings = {
				DEVELOPMENT_TEAM = B5S56929D8;
				INFOPLIST_FILE = TMQTelephonyTests/Info.plist;
				LD_RUNPATH_SEARCH_PATHS = "$(inherited) @executable_path/Frameworks @loader_path/Frameworks";
				PRODUCT_BUNDLE_IDENTIFIER = com.barefootsystems.TMQTelephonyTests;
				PRODUCT_NAME = "$(TARGET_NAME)";
				SWIFT_VERSION = 3.0;
			};
			name = Debug;
		};
		037046FD1E5A6E26002AF879 /* Release */ = {
			isa = XCBuildConfiguration;
			buildSettings = {
				DEVELOPMENT_TEAM = B5S56929D8;
				INFOPLIST_FILE = TMQTelephonyTests/Info.plist;
				LD_RUNPATH_SEARCH_PATHS = "$(inherited) @executable_path/Frameworks @loader_path/Frameworks";
				PRODUCT_BUNDLE_IDENTIFIER = com.barefootsystems.TMQTelephonyTests;
				PRODUCT_NAME = "$(TARGET_NAME)";
				SWIFT_VERSION = 3.0;
			};
			name = Release;
		};
		03F728FA1E5284D5009131AC /* Debug */ = {
			isa = XCBuildConfiguration;
			buildSettings = {
				ALWAYS_SEARCH_USER_PATHS = NO;
				CLANG_ANALYZER_NONNULL = YES;
				CLANG_CXX_LANGUAGE_STANDARD = "gnu++0x";
				CLANG_CXX_LIBRARY = "libc++";
				CLANG_ENABLE_MODULES = YES;
				CLANG_ENABLE_OBJC_ARC = YES;
				CLANG_WARN_BOOL_CONVERSION = YES;
				CLANG_WARN_CONSTANT_CONVERSION = YES;
				CLANG_WARN_DIRECT_OBJC_ISA_USAGE = YES_ERROR;
				CLANG_WARN_DOCUMENTATION_COMMENTS = YES;
				CLANG_WARN_EMPTY_BODY = YES;
				CLANG_WARN_ENUM_CONVERSION = YES;
				CLANG_WARN_INFINITE_RECURSION = YES;
				CLANG_WARN_INT_CONVERSION = YES;
				CLANG_WARN_OBJC_ROOT_CLASS = YES_ERROR;
				CLANG_WARN_SUSPICIOUS_MOVE = YES;
				CLANG_WARN_UNREACHABLE_CODE = YES;
				CLANG_WARN__DUPLICATE_METHOD_MATCH = YES;
				"CODE_SIGN_IDENTITY[sdk=iphoneos*]" = "iPhone Developer";
				COPY_PHASE_STRIP = NO;
				CURRENT_PROJECT_VERSION = 1;
				DEBUG_INFORMATION_FORMAT = dwarf;
				ENABLE_STRICT_OBJC_MSGSEND = YES;
				ENABLE_TESTABILITY = YES;
				GCC_C_LANGUAGE_STANDARD = gnu99;
				GCC_DYNAMIC_NO_PIC = NO;
				GCC_NO_COMMON_BLOCKS = YES;
				GCC_OPTIMIZATION_LEVEL = 0;
				GCC_PREPROCESSOR_DEFINITIONS = (
					"DEBUG=1",
					"$(inherited)",
				);
				GCC_WARN_64_TO_32_BIT_CONVERSION = YES;
				GCC_WARN_ABOUT_RETURN_TYPE = YES_ERROR;
				GCC_WARN_UNDECLARED_SELECTOR = YES;
				GCC_WARN_UNINITIALIZED_AUTOS = YES_AGGRESSIVE;
				GCC_WARN_UNUSED_FUNCTION = YES;
				GCC_WARN_UNUSED_VARIABLE = YES;
				IPHONEOS_DEPLOYMENT_TARGET = 10.2;
				MTL_ENABLE_DEBUG_INFO = YES;
				ONLY_ACTIVE_ARCH = YES;
				SDKROOT = iphoneos;
				SWIFT_ACTIVE_COMPILATION_CONDITIONS = DEBUG;
				SWIFT_OPTIMIZATION_LEVEL = "-Onone";
				TARGETED_DEVICE_FAMILY = "1,2";
				VERSIONING_SYSTEM = "apple-generic";
				VERSION_INFO_PREFIX = "";
			};
			name = Debug;
		};
		03F728FB1E5284D5009131AC /* Release */ = {
			isa = XCBuildConfiguration;
			buildSettings = {
				ALWAYS_SEARCH_USER_PATHS = NO;
				CLANG_ANALYZER_NONNULL = YES;
				CLANG_CXX_LANGUAGE_STANDARD = "gnu++0x";
				CLANG_CXX_LIBRARY = "libc++";
				CLANG_ENABLE_MODULES = YES;
				CLANG_ENABLE_OBJC_ARC = YES;
				CLANG_WARN_BOOL_CONVERSION = YES;
				CLANG_WARN_CONSTANT_CONVERSION = YES;
				CLANG_WARN_DIRECT_OBJC_ISA_USAGE = YES_ERROR;
				CLANG_WARN_DOCUMENTATION_COMMENTS = YES;
				CLANG_WARN_EMPTY_BODY = YES;
				CLANG_WARN_ENUM_CONVERSION = YES;
				CLANG_WARN_INFINITE_RECURSION = YES;
				CLANG_WARN_INT_CONVERSION = YES;
				CLANG_WARN_OBJC_ROOT_CLASS = YES_ERROR;
				CLANG_WARN_SUSPICIOUS_MOVE = YES;
				CLANG_WARN_UNREACHABLE_CODE = YES;
				CLANG_WARN__DUPLICATE_METHOD_MATCH = YES;
				"CODE_SIGN_IDENTITY[sdk=iphoneos*]" = "iPhone Developer";
				COPY_PHASE_STRIP = NO;
				CURRENT_PROJECT_VERSION = 1;
				DEBUG_INFORMATION_FORMAT = "dwarf-with-dsym";
				ENABLE_NS_ASSERTIONS = NO;
				ENABLE_STRICT_OBJC_MSGSEND = YES;
				GCC_C_LANGUAGE_STANDARD = gnu99;
				GCC_NO_COMMON_BLOCKS = YES;
				GCC_WARN_64_TO_32_BIT_CONVERSION = YES;
				GCC_WARN_ABOUT_RETURN_TYPE = YES_ERROR;
				GCC_WARN_UNDECLARED_SELECTOR = YES;
				GCC_WARN_UNINITIALIZED_AUTOS = YES_AGGRESSIVE;
				GCC_WARN_UNUSED_FUNCTION = YES;
				GCC_WARN_UNUSED_VARIABLE = YES;
				IPHONEOS_DEPLOYMENT_TARGET = 10.2;
				MTL_ENABLE_DEBUG_INFO = NO;
				SDKROOT = iphoneos;
				SWIFT_OPTIMIZATION_LEVEL = "-Owholemodule";
				TARGETED_DEVICE_FAMILY = "1,2";
				VALIDATE_PRODUCT = YES;
				VERSIONING_SYSTEM = "apple-generic";
				VERSION_INFO_PREFIX = "";
			};
			name = Release;
		};
		03F728FD1E5284D5009131AC /* Debug */ = {
			isa = XCBuildConfiguration;
			buildSettings = {
				CLANG_ENABLE_MODULES = YES;
				CODE_SIGN_IDENTITY = "";
				DEFINES_MODULE = YES;
				DEVELOPMENT_TEAM = B5S56929D8;
				DYLIB_COMPATIBILITY_VERSION = 1;
				DYLIB_CURRENT_VERSION = 1;
				DYLIB_INSTALL_NAME_BASE = "@rpath";
				FRAMEWORK_SEARCH_PATHS = (
					"$(SRCROOT)/../Carthage/Build/iOS/",
					"$(SRCROOT)/../Frameworks",
				);
				HEADER_SEARCH_PATHS = (
					"$(SRCROOT)/../Frameworks",
					"$(SRCROOT)/../Carthage/Build/iOS/",
				);
				INFOPLIST_FILE = TMQTelephony/Info.plist;
				INSTALL_PATH = "$(LOCAL_LIBRARY_DIR)/Frameworks";
				LD_RUNPATH_SEARCH_PATHS = "$(inherited) @executable_path/Frameworks @loader_path/Frameworks";
				PRODUCT_BUNDLE_IDENTIFIER = com.barefootsystems.TMQTelephony;
				PRODUCT_NAME = "$(TARGET_NAME)";
				SKIP_INSTALL = YES;
				SWIFT_OPTIMIZATION_LEVEL = "-Onone";
				SWIFT_VERSION = 3.0;
			};
			name = Debug;
		};
		03F728FE1E5284D5009131AC /* Release */ = {
			isa = XCBuildConfiguration;
			buildSettings = {
				CLANG_ENABLE_MODULES = YES;
				CODE_SIGN_IDENTITY = "";
				DEFINES_MODULE = YES;
				DEVELOPMENT_TEAM = B5S56929D8;
				DYLIB_COMPATIBILITY_VERSION = 1;
				DYLIB_CURRENT_VERSION = 1;
				DYLIB_INSTALL_NAME_BASE = "@rpath";
				FRAMEWORK_SEARCH_PATHS = (
					"$(SRCROOT)/../Carthage/Build/iOS/",
					"$(SRCROOT)/../Frameworks",
				);
				HEADER_SEARCH_PATHS = (
					"$(SRCROOT)/../Frameworks",
					"$(SRCROOT)/../Carthage/Build/iOS/",
				);
				INFOPLIST_FILE = TMQTelephony/Info.plist;
				INSTALL_PATH = "$(LOCAL_LIBRARY_DIR)/Frameworks";
				LD_RUNPATH_SEARCH_PATHS = "$(inherited) @executable_path/Frameworks @loader_path/Frameworks";
				PRODUCT_BUNDLE_IDENTIFIER = com.barefootsystems.TMQTelephony;
				PRODUCT_NAME = "$(TARGET_NAME)";
				SKIP_INSTALL = YES;
				SWIFT_VERSION = 3.0;
			};
			name = Release;
		};
/* End XCBuildConfiguration section */

/* Begin XCConfigurationList section */
		037046FB1E5A6E26002AF879 /* Build configuration list for PBXNativeTarget "TMQTelephonyTests" */ = {
			isa = XCConfigurationList;
			buildConfigurations = (
				037046FC1E5A6E26002AF879 /* Debug */,
				037046FD1E5A6E26002AF879 /* Release */,
			);
			defaultConfigurationIsVisible = 0;
		};
		03F728EE1E5284D5009131AC /* Build configuration list for PBXProject "TMQTelephony" */ = {
			isa = XCConfigurationList;
			buildConfigurations = (
				03F728FA1E5284D5009131AC /* Debug */,
				03F728FB1E5284D5009131AC /* Release */,
			);
			defaultConfigurationIsVisible = 0;
			defaultConfigurationName = Release;
		};
		03F728FC1E5284D5009131AC /* Build configuration list for PBXNativeTarget "TMQTelephony" */ = {
			isa = XCConfigurationList;
			buildConfigurations = (
				03F728FD1E5284D5009131AC /* Debug */,
				03F728FE1E5284D5009131AC /* Release */,
			);
			defaultConfigurationIsVisible = 0;
			defaultConfigurationName = Release;
		};
/* End XCConfigurationList section */
	};
	rootObject = 03F728EB1E5284D5009131AC /* Project object */;
}
